
Microsoft Visual Studio Solution File, Format Version 12.00
Project("{FAE04EC0-301F-11D3-BF4B-00C04F79EFBC}") = "WebApp", "WebApp\WebApp.csproj", "{8EEFC50E-E77D-4D79-9753-B5ABD2B6FF4A}"
EndProject
Project("{2150E333-8FDC-42A3-9474-1A3956D46DE8}") = "Base", "Base", "{848BE95A-56F5-4000-BE3F-85190048DA4C}"
EndProject
Project("{2150E333-8FDC-42A3-9474-1A3956D46DE8}") = "Base.Contracts", "Base.Contracts", "{FCD3F013-EC4C-43BF-9AAC-AA597CF6241D}"
EndProject
Project("{FAE04EC0-301F-11D3-BF4B-00C04F79EFBC}") = "Base.Contracts.Domain", "Base.Contracts.Domain\Base.Contracts.Domain.csproj", "{22933937-6816-4A8C-8C60-D0DADE1631CF}"
EndProject
Project("{FAE04EC0-301F-11D3-BF4B-00C04F79EFBC}") = "Base.Domain", "Base.Domain\Base.Domain.csproj", "{13FF750C-BB16-40B7-A86E-00B90CE6DE04}"
EndProject
Project("{2150E333-8FDC-42A3-9474-1A3956D46DE8}") = "App", "App", "{06016F92-C8E0-4786-93E4-6442C6B98530}"
EndProject
Project("{2150E333-8FDC-42A3-9474-1A3956D46DE8}") = "Solution Items", "Solution Items", "{B34691C2-5864-4E20-AB01-FBE86EA93C64}"
	ProjectSection(SolutionItems) = preProject
		Directory.Build.props = Directory.Build.props
		Readme.md = Readme.md
		.gitignore = .gitignore
		.dockerignore = .dockerignore
		docker-compose.yml = docker-compose.yml
	EndProjectSection
EndProject
Project("{FAE04EC0-301F-11D3-BF4B-00C04F79EFBC}") = "App.Domain", "App.Domain\App.Domain.csproj", "{23944D4B-25DF-42BE-A086-D11482ADC71C}"
EndProject
Project("{FAE04EC0-301F-11D3-BF4B-00C04F79EFBC}") = "App.DAL", "App.DAL\App.DAL.csproj", "{D88C5094-E537-496E-A611-E76C10A43D17}"
EndProject
Project("{FAE04EC0-301F-11D3-BF4B-00C04F79EFBC}") = "Base.Contracts.DAL", "Base.Contracts.DAL\Base.Contracts.DAL.csproj", "{A09A916A-4C7D-4275-9597-E30D8D4F4828}"
EndProject
Project("{FAE04EC0-301F-11D3-BF4B-00C04F79EFBC}") = "Base.DAL", "Base.DAL\Base.DAL.csproj", "{74B8FEE5-2764-4D09-A04B-2125E83C5012}"
EndProject
Project("{FAE04EC0-301F-11D3-BF4B-00C04F79EFBC}") = "App.DAL.Contracts", "App.DAL.Contracts\App.DAL.Contracts.csproj", "{D1D1469C-75E6-4488-BDF5-4C6EB3D291C9}"
EndProject
Project("{FAE04EC0-301F-11D3-BF4B-00C04F79EFBC}") = "Base.DAL.EF", "Base.DAL.EF\Base.DAL.EF.csproj", "{FB3AD071-8F95-4647-87FB-525CBBA0BF3F}"
EndProject
Project("{FAE04EC0-301F-11D3-BF4B-00C04F79EFBC}") = "Base.Extensions", "Base.Extensions\Base.Extensions.csproj", "{18D80427-0FEF-4AC9-ABB1-B4BD7D7D30B8}"
EndProject
Project("{FAE04EC0-301F-11D3-BF4B-00C04F79EFBC}") = "App.DTO", "App.DTO\App.DTO.csproj", "{F30BC849-6B3E-4EA2-A765-8A502A9F6B6E}"
EndProject
Project("{FAE04EC0-301F-11D3-BF4B-00C04F79EFBC}") = "Base.Contracts.BLL", "Base.Contracts.BLL\Base.Contracts.BLL.csproj", "{9393C2AC-6122-4687-8F1B-7D081AC04FE4}"
EndProject
Project("{FAE04EC0-301F-11D3-BF4B-00C04F79EFBC}") = "Base.BLL", "Base.BLL\Base.BLL.csproj", "{1F2E671A-CD3D-4C8A-91E8-01E76BC0404A}"
EndProject
Project("{FAE04EC0-301F-11D3-BF4B-00C04F79EFBC}") = "App.Contracts.BLL", "App.Contracts.BLL\App.Contracts.BLL.csproj", "{29736B99-7BFD-44DA-A63E-52C36B588C41}"
EndProject
Project("{FAE04EC0-301F-11D3-BF4B-00C04F79EFBC}") = "App.BLL", "App.BLL\App.BLL.csproj", "{09BB2CA8-C17B-4AB6-AEB4-F86F58AA4954}"
EndProject
Project("{FAE04EC0-301F-11D3-BF4B-00C04F79EFBC}") = "App.DAL.DTO", "App.DAL.DTO\App.DAL.DTO.csproj", "{4DD79883-A165-440A-90A1-BF78C63AB0B5}"
EndProject
Project("{FAE04EC0-301F-11D3-BF4B-00C04F79EFBC}") = "App.BLL.DTO", "App.BLL.DTO\App.BLL.DTO.csproj", "{67973156-B9A4-4E68-B7E5-18A7E7A31447}"
EndProject
Project("{FAE04EC0-301F-11D3-BF4B-00C04F79EFBC}") = "App.Resources", "App.Resources\App.Resources.csproj", "{B9D6CA54-EB11-4109-9261-845D253FD777}"
EndProject
Project("{FAE04EC0-301F-11D3-BF4B-00C04F79EFBC}") = "App.Public", "App.Public\App.Public.csproj", "{82B13C18-09D5-4509-8774-9121F81642EA}"
EndProject
Project("{FAE04EC0-301F-11D3-BF4B-00C04F79EFBC}") = "Base.Contracts.Public", "Base.Contracts.Public\Base.Contracts.Public.csproj", "{FDADA76C-A10C-4AB5-B173-C352C03EB5C9}"
EndProject
Global
	GlobalSection(SolutionConfigurationPlatforms) = preSolution
		Debug|Any CPU = Debug|Any CPU
		Release|Any CPU = Release|Any CPU
	EndGlobalSection
	GlobalSection(ProjectConfigurationPlatforms) = postSolution
		{8EEFC50E-E77D-4D79-9753-B5ABD2B6FF4A}.Debug|Any CPU.ActiveCfg = Debug|Any CPU
		{8EEFC50E-E77D-4D79-9753-B5ABD2B6FF4A}.Debug|Any CPU.Build.0 = Debug|Any CPU
		{8EEFC50E-E77D-4D79-9753-B5ABD2B6FF4A}.Release|Any CPU.ActiveCfg = Release|Any CPU
		{8EEFC50E-E77D-4D79-9753-B5ABD2B6FF4A}.Release|Any CPU.Build.0 = Release|Any CPU
		{22933937-6816-4A8C-8C60-D0DADE1631CF}.Debug|Any CPU.ActiveCfg = Debug|Any CPU
		{22933937-6816-4A8C-8C60-D0DADE1631CF}.Debug|Any CPU.Build.0 = Debug|Any CPU
		{22933937-6816-4A8C-8C60-D0DADE1631CF}.Release|Any CPU.ActiveCfg = Release|Any CPU
		{22933937-6816-4A8C-8C60-D0DADE1631CF}.Release|Any CPU.Build.0 = Release|Any CPU
		{13FF750C-BB16-40B7-A86E-00B90CE6DE04}.Debug|Any CPU.ActiveCfg = Debug|Any CPU
		{13FF750C-BB16-40B7-A86E-00B90CE6DE04}.Debug|Any CPU.Build.0 = Debug|Any CPU
		{13FF750C-BB16-40B7-A86E-00B90CE6DE04}.Release|Any CPU.ActiveCfg = Release|Any CPU
		{13FF750C-BB16-40B7-A86E-00B90CE6DE04}.Release|Any CPU.Build.0 = Release|Any CPU
		{23944D4B-25DF-42BE-A086-D11482ADC71C}.Debug|Any CPU.ActiveCfg = Debug|Any CPU
		{23944D4B-25DF-42BE-A086-D11482ADC71C}.Debug|Any CPU.Build.0 = Debug|Any CPU
		{23944D4B-25DF-42BE-A086-D11482ADC71C}.Release|Any CPU.ActiveCfg = Release|Any CPU
		{23944D4B-25DF-42BE-A086-D11482ADC71C}.Release|Any CPU.Build.0 = Release|Any CPU
		{D88C5094-E537-496E-A611-E76C10A43D17}.Debug|Any CPU.ActiveCfg = Debug|Any CPU
		{D88C5094-E537-496E-A611-E76C10A43D17}.Debug|Any CPU.Build.0 = Debug|Any CPU
		{D88C5094-E537-496E-A611-E76C10A43D17}.Release|Any CPU.ActiveCfg = Release|Any CPU
		{D88C5094-E537-496E-A611-E76C10A43D17}.Release|Any CPU.Build.0 = Release|Any CPU
		{A09A916A-4C7D-4275-9597-E30D8D4F4828}.Debug|Any CPU.ActiveCfg = Debug|Any CPU
		{A09A916A-4C7D-4275-9597-E30D8D4F4828}.Debug|Any CPU.Build.0 = Debug|Any CPU
		{A09A916A-4C7D-4275-9597-E30D8D4F4828}.Release|Any CPU.ActiveCfg = Release|Any CPU
		{A09A916A-4C7D-4275-9597-E30D8D4F4828}.Release|Any CPU.Build.0 = Release|Any CPU
		{74B8FEE5-2764-4D09-A04B-2125E83C5012}.Debug|Any CPU.ActiveCfg = Debug|Any CPU
		{74B8FEE5-2764-4D09-A04B-2125E83C5012}.Debug|Any CPU.Build.0 = Debug|Any CPU
		{74B8FEE5-2764-4D09-A04B-2125E83C5012}.Release|Any CPU.ActiveCfg = Release|Any CPU
		{74B8FEE5-2764-4D09-A04B-2125E83C5012}.Release|Any CPU.Build.0 = Release|Any CPU
		{D1D1469C-75E6-4488-BDF5-4C6EB3D291C9}.Debug|Any CPU.ActiveCfg = Debug|Any CPU
		{D1D1469C-75E6-4488-BDF5-4C6EB3D291C9}.Debug|Any CPU.Build.0 = Debug|Any CPU
		{D1D1469C-75E6-4488-BDF5-4C6EB3D291C9}.Release|Any CPU.ActiveCfg = Release|Any CPU
		{D1D1469C-75E6-4488-BDF5-4C6EB3D291C9}.Release|Any CPU.Build.0 = Release|Any CPU
		{FB3AD071-8F95-4647-87FB-525CBBA0BF3F}.Debug|Any CPU.ActiveCfg = Debug|Any CPU
		{FB3AD071-8F95-4647-87FB-525CBBA0BF3F}.Debug|Any CPU.Build.0 = Debug|Any CPU
		{FB3AD071-8F95-4647-87FB-525CBBA0BF3F}.Release|Any CPU.ActiveCfg = Release|Any CPU
		{FB3AD071-8F95-4647-87FB-525CBBA0BF3F}.Release|Any CPU.Build.0 = Release|Any CPU
		{18D80427-0FEF-4AC9-ABB1-B4BD7D7D30B8}.Debug|Any CPU.ActiveCfg = Debug|Any CPU
		{18D80427-0FEF-4AC9-ABB1-B4BD7D7D30B8}.Debug|Any CPU.Build.0 = Debug|Any CPU
		{18D80427-0FEF-4AC9-ABB1-B4BD7D7D30B8}.Release|Any CPU.ActiveCfg = Release|Any CPU
		{18D80427-0FEF-4AC9-ABB1-B4BD7D7D30B8}.Release|Any CPU.Build.0 = Release|Any CPU
		{F30BC849-6B3E-4EA2-A765-8A502A9F6B6E}.Debug|Any CPU.ActiveCfg = Debug|Any CPU
		{F30BC849-6B3E-4EA2-A765-8A502A9F6B6E}.Debug|Any CPU.Build.0 = Debug|Any CPU
		{F30BC849-6B3E-4EA2-A765-8A502A9F6B6E}.Release|Any CPU.ActiveCfg = Release|Any CPU
		{F30BC849-6B3E-4EA2-A765-8A502A9F6B6E}.Release|Any CPU.Build.0 = Release|Any CPU
		{9393C2AC-6122-4687-8F1B-7D081AC04FE4}.Debug|Any CPU.ActiveCfg = Debug|Any CPU
		{9393C2AC-6122-4687-8F1B-7D081AC04FE4}.Debug|Any CPU.Build.0 = Debug|Any CPU
		{9393C2AC-6122-4687-8F1B-7D081AC04FE4}.Release|Any CPU.ActiveCfg = Release|Any CPU
		{9393C2AC-6122-4687-8F1B-7D081AC04FE4}.Release|Any CPU.Build.0 = Release|Any CPU
		{1F2E671A-CD3D-4C8A-91E8-01E76BC0404A}.Debug|Any CPU.ActiveCfg = Debug|Any CPU
		{1F2E671A-CD3D-4C8A-91E8-01E76BC0404A}.Debug|Any CPU.Build.0 = Debug|Any CPU
		{1F2E671A-CD3D-4C8A-91E8-01E76BC0404A}.Release|Any CPU.ActiveCfg = Release|Any CPU
		{1F2E671A-CD3D-4C8A-91E8-01E76BC0404A}.Release|Any CPU.Build.0 = Release|Any CPU
		{29736B99-7BFD-44DA-A63E-52C36B588C41}.Debug|Any CPU.ActiveCfg = Debug|Any CPU
		{29736B99-7BFD-44DA-A63E-52C36B588C41}.Debug|Any CPU.Build.0 = Debug|Any CPU
		{29736B99-7BFD-44DA-A63E-52C36B588C41}.Release|Any CPU.ActiveCfg = Release|Any CPU
		{29736B99-7BFD-44DA-A63E-52C36B588C41}.Release|Any CPU.Build.0 = Release|Any CPU
		{09BB2CA8-C17B-4AB6-AEB4-F86F58AA4954}.Debug|Any CPU.ActiveCfg = Debug|Any CPU
		{09BB2CA8-C17B-4AB6-AEB4-F86F58AA4954}.Debug|Any CPU.Build.0 = Debug|Any CPU
		{09BB2CA8-C17B-4AB6-AEB4-F86F58AA4954}.Release|Any CPU.ActiveCfg = Release|Any CPU
		{09BB2CA8-C17B-4AB6-AEB4-F86F58AA4954}.Release|Any CPU.Build.0 = Release|Any CPU
		{4DD79883-A165-440A-90A1-BF78C63AB0B5}.Debug|Any CPU.ActiveCfg = Debug|Any CPU
		{4DD79883-A165-440A-90A1-BF78C63AB0B5}.Debug|Any CPU.Build.0 = Debug|Any CPU
		{4DD79883-A165-440A-90A1-BF78C63AB0B5}.Release|Any CPU.ActiveCfg = Release|Any CPU
		{4DD79883-A165-440A-90A1-BF78C63AB0B5}.Release|Any CPU.Build.0 = Release|Any CPU
		{67973156-B9A4-4E68-B7E5-18A7E7A31447}.Debug|Any CPU.ActiveCfg = Debug|Any CPU
		{67973156-B9A4-4E68-B7E5-18A7E7A31447}.Debug|Any CPU.Build.0 = Debug|Any CPU
		{67973156-B9A4-4E68-B7E5-18A7E7A31447}.Release|Any CPU.ActiveCfg = Release|Any CPU
		{67973156-B9A4-4E68-B7E5-18A7E7A31447}.Release|Any CPU.Build.0 = Release|Any CPU
		{B9D6CA54-EB11-4109-9261-845D253FD777}.Debug|Any CPU.ActiveCfg = Debug|Any CPU
		{B9D6CA54-EB11-4109-9261-845D253FD777}.Debug|Any CPU.Build.0 = Debug|Any CPU
		{B9D6CA54-EB11-4109-9261-845D253FD777}.Release|Any CPU.ActiveCfg = Release|Any CPU
		{B9D6CA54-EB11-4109-9261-845D253FD777}.Release|Any CPU.Build.0 = Release|Any CPU
		{82B13C18-09D5-4509-8774-9121F81642EA}.Debug|Any CPU.ActiveCfg = Debug|Any CPU
		{82B13C18-09D5-4509-8774-9121F81642EA}.Debug|Any CPU.Build.0 = Debug|Any CPU
		{82B13C18-09D5-4509-8774-9121F81642EA}.Release|Any CPU.ActiveCfg = Release|Any CPU
		{82B13C18-09D5-4509-8774-9121F81642EA}.Release|Any CPU.Build.0 = Release|Any CPU
		{FDADA76C-A10C-4AB5-B173-C352C03EB5C9}.Debug|Any CPU.ActiveCfg = Debug|Any CPU
		{FDADA76C-A10C-4AB5-B173-C352C03EB5C9}.Debug|Any CPU.Build.0 = Debug|Any CPU
		{FDADA76C-A10C-4AB5-B173-C352C03EB5C9}.Release|Any CPU.ActiveCfg = Release|Any CPU
		{FDADA76C-A10C-4AB5-B173-C352C03EB5C9}.Release|Any CPU.Build.0 = Release|Any CPU
	EndGlobalSection
	GlobalSection(NestedProjects) = preSolution
		{22933937-6816-4A8C-8C60-D0DADE1631CF} = {FCD3F013-EC4C-43BF-9AAC-AA597CF6241D}
		{13FF750C-BB16-40B7-A86E-00B90CE6DE04} = {848BE95A-56F5-4000-BE3F-85190048DA4C}
		{8EEFC50E-E77D-4D79-9753-B5ABD2B6FF4A} = {06016F92-C8E0-4786-93E4-6442C6B98530}
		{23944D4B-25DF-42BE-A086-D11482ADC71C} = {06016F92-C8E0-4786-93E4-6442C6B98530}
		{D88C5094-E537-496E-A611-E76C10A43D17} = {06016F92-C8E0-4786-93E4-6442C6B98530}
		{A09A916A-4C7D-4275-9597-E30D8D4F4828} = {FCD3F013-EC4C-43BF-9AAC-AA597CF6241D}
		{74B8FEE5-2764-4D09-A04B-2125E83C5012} = {848BE95A-56F5-4000-BE3F-85190048DA4C}
		{D1D1469C-75E6-4488-BDF5-4C6EB3D291C9} = {06016F92-C8E0-4786-93E4-6442C6B98530}
		{FB3AD071-8F95-4647-87FB-525CBBA0BF3F} = {848BE95A-56F5-4000-BE3F-85190048DA4C}
		{18D80427-0FEF-4AC9-ABB1-B4BD7D7D30B8} = {848BE95A-56F5-4000-BE3F-85190048DA4C}
		{F30BC849-6B3E-4EA2-A765-8A502A9F6B6E} = {06016F92-C8E0-4786-93E4-6442C6B98530}
		{9393C2AC-6122-4687-8F1B-7D081AC04FE4} = {FCD3F013-EC4C-43BF-9AAC-AA597CF6241D}
		{1F2E671A-CD3D-4C8A-91E8-01E76BC0404A} = {848BE95A-56F5-4000-BE3F-85190048DA4C}
		{29736B99-7BFD-44DA-A63E-52C36B588C41} = {06016F92-C8E0-4786-93E4-6442C6B98530}
		{09BB2CA8-C17B-4AB6-AEB4-F86F58AA4954} = {06016F92-C8E0-4786-93E4-6442C6B98530}
		{4DD79883-A165-440A-90A1-BF78C63AB0B5} = {06016F92-C8E0-4786-93E4-6442C6B98530}
		{67973156-B9A4-4E68-B7E5-18A7E7A31447} = {06016F92-C8E0-4786-93E4-6442C6B98530}
		{B9D6CA54-EB11-4109-9261-845D253FD777} = {06016F92-C8E0-4786-93E4-6442C6B98530}
		{82B13C18-09D5-4509-8774-9121F81642EA} = {06016F92-C8E0-4786-93E4-6442C6B98530}
		{FDADA76C-A10C-4AB5-B173-C352C03EB5C9} = {FCD3F013-EC4C-43BF-9AAC-AA597CF6241D}
	EndGlobalSection
EndGlobal
